// !$*UTF8*$!
{
	archiveVersion = 1;
	classes = {
	};
	objectVersion = 46;
	objects = {

/* Begin PBXBuildFile section */
		E7633CF01AE8F81800F2155C /* main.m in Sources */ = {isa = PBXBuildFile; fileRef = E7633CEF1AE8F81800F2155C /* main.m */; };
		E7633CF31AE8F81800F2155C /* AppDelegate.m in Sources */ = {isa = PBXBuildFile; fileRef = E7633CF21AE8F81800F2155C /* AppDelegate.m */; };
		E7633CF61AE8F81800F2155C /* ViewController.m in Sources */ = {isa = PBXBuildFile; fileRef = E7633CF51AE8F81800F2155C /* ViewController.m */; };
		E7633CF91AE8F81800F2155C /* Main.storyboard in Resources */ = {isa = PBXBuildFile; fileRef = E7633CF71AE8F81800F2155C /* Main.storyboard */; };
		E7633CFB1AE8F81800F2155C /* Images.xcassets in Resources */ = {isa = PBXBuildFile; fileRef = E7633CFA1AE8F81800F2155C /* Images.xcassets */; };
		E7633CFE1AE8F81800F2155C /* LaunchScreen.xib in Resources */ = {isa = PBXBuildFile; fileRef = E7633CFC1AE8F81800F2155C /* LaunchScreen.xib */; };
		E7633D0A1AE8F81800F2155C /* WatchKit_Tableview_DemoTests.m in Sources */ = {isa = PBXBuildFile; fileRef = E7633D091AE8F81800F2155C /* WatchKit_Tableview_DemoTests.m */; };
		E7633D1E1AE8F82B00F2155C /* InterfaceController.m in Sources */ = {isa = PBXBuildFile; fileRef = E7633D1D1AE8F82B00F2155C /* InterfaceController.m */; };
		E7633D211AE8F82B00F2155C /* NotificationController.m in Sources */ = {isa = PBXBuildFile; fileRef = E7633D201AE8F82B00F2155C /* NotificationController.m */; };
		E7633D231AE8F82B00F2155C /* Images.xcassets in Resources */ = {isa = PBXBuildFile; fileRef = E7633D221AE8F82B00F2155C /* Images.xcassets */; };
		E7633D271AE8F82B00F2155C /* WatchKit_Tableview_Demo WatchKit App.app in Resources */ = {isa = PBXBuildFile; fileRef = E7633D261AE8F82B00F2155C /* WatchKit_Tableview_Demo WatchKit App.app */; };
		E7633D2F1AE8F82B00F2155C /* Interface.storyboard in Resources */ = {isa = PBXBuildFile; fileRef = E7633D2D1AE8F82B00F2155C /* Interface.storyboard */; };
		E7633D311AE8F82B00F2155C /* Images.xcassets in Resources */ = {isa = PBXBuildFile; fileRef = E7633D301AE8F82B00F2155C /* Images.xcassets */; };
		E7633D341AE8F82B00F2155C /* WatchKit_Tableview_Demo WatchKit Extension.appex in Embed App Extensions */ = {isa = PBXBuildFile; fileRef = E7633D171AE8F82A00F2155C /* WatchKit_Tableview_Demo WatchKit Extension.appex */; settings = {ATTRIBUTES = (RemoveHeadersOnCopy, ); }; };
		E7633D3E1AE8F92500F2155C /* rowCell.m in Sources */ = {isa = PBXBuildFile; fileRef = E7633D3D1AE8F92500F2155C /* rowCell.m */; };
		E7633D401AE9015500F2155C /* 02.jpg in Resources */ = {isa = PBXBuildFile; fileRef = E7633D3F1AE9015500F2155C /* 02.jpg */; };
		E7633D431AE90A4F00F2155C /* InterfaceController2.m in Sources */ = {isa = PBXBuildFile; fileRef = E7633D421AE90A4F00F2155C /* InterfaceController2.m */; };
		E7633D461AE910BA00F2155C /* InterfaceController3.m in Sources */ = {isa = PBXBuildFile; fileRef = E7633D451AE910BA00F2155C /* InterfaceController3.m */; };
/* End PBXBuildFile section */

/* Begin PBXContainerItemProxy section */
		E7633D041AE8F81800F2155C /* PBXContainerItemProxy */ = {
			isa = PBXContainerItemProxy;
			containerPortal = E7633CE21AE8F81800F2155C /* Project object */;
			proxyType = 1;
			remoteGlobalIDString = E7633CE91AE8F81800F2155C;
			remoteInfo = WatchKit_Tableview_Demo;
		};
		E7633D281AE8F82B00F2155C /* PBXContainerItemProxy */ = {
			isa = PBXContainerItemProxy;
			containerPortal = E7633CE21AE8F81800F2155C /* Project object */;
			proxyType = 1;
			remoteGlobalIDString = E7633D251AE8F82B00F2155C;
			remoteInfo = "WatchKit_Tableview_Demo WatchKit App";
		};
		E7633D321AE8F82B00F2155C /* PBXContainerItemProxy */ = {
			isa = PBXContainerItemProxy;
			containerPortal = E7633CE21AE8F81800F2155C /* Project object */;
			proxyType = 1;
			remoteGlobalIDString = E7633D161AE8F82A00F2155C;
			remoteInfo = "WatchKit_Tableview_Demo WatchKit Extension";
		};
/* End PBXContainerItemProxy section */

/* Begin PBXCopyFilesBuildPhase section */
		E7633D3B1AE8F82B00F2155C /* Embed App Extensions */ = {
			isa = PBXCopyFilesBuildPhase;
			buildActionMask = 2147483647;
			dstPath = "";
			dstSubfolderSpec = 13;
			files = (
				E7633D341AE8F82B00F2155C /* WatchKit_Tableview_Demo WatchKit Extension.appex in Embed App Extensions */,
			);
			name = "Embed App Extensions";
			runOnlyForDeploymentPostprocessing = 0;
		};
/* End PBXCopyFilesBuildPhase section */

/* Begin PBXFileReference section */
		E7633CEA1AE8F81800F2155C /* WatchKit_Tableview_Demo.app */ = {isa = PBXFileReference; explicitFileType = wrapper.application; includeInIndex = 0; path = WatchKit_Tableview_Demo.app; sourceTree = BUILT_PRODUCTS_DIR; };
		E7633CEE1AE8F81800F2155C /* Info.plist */ = {isa = PBXFileReference; lastKnownFileType = text.plist.xml; path = Info.plist; sourceTree = "<group>"; };
		E7633CEF1AE8F81800F2155C /* main.m */ = {isa = PBXFileReference; lastKnownFileType = sourcecode.c.objc; path = main.m; sourceTree = "<group>"; };
		E7633CF11AE8F81800F2155C /* AppDelegate.h */ = {isa = PBXFileReference; lastKnownFileType = sourcecode.c.h; path = AppDelegate.h; sourceTree = "<group>"; };
		E7633CF21AE8F81800F2155C /* AppDelegate.m */ = {isa = PBXFileReference; lastKnownFileType = sourcecode.c.objc; path = AppDelegate.m; sourceTree = "<group>"; };
		E7633CF41AE8F81800F2155C /* ViewController.h */ = {isa = PBXFileReference; lastKnownFileType = sourcecode.c.h; path = ViewController.h; sourceTree = "<group>"; };
		E7633CF51AE8F81800F2155C /* ViewController.m */ = {isa = PBXFileReference; lastKnownFileType = sourcecode.c.objc; path = ViewController.m; sourceTree = "<group>"; };
		E7633CF81AE8F81800F2155C /* Base */ = {isa = PBXFileReference; lastKnownFileType = file.storyboard; name = Base; path = Base.lproj/Main.storyboard; sourceTree = "<group>"; };
		E7633CFA1AE8F81800F2155C /* Images.xcassets */ = {isa = PBXFileReference; lastKnownFileType = folder.assetcatalog; path = Images.xcassets; sourceTree = "<group>"; };
		E7633CFD1AE8F81800F2155C /* Base */ = {isa = PBXFileReference; lastKnownFileType = file.xib; name = Base; path = Base.lproj/LaunchScreen.xib; sourceTree = "<group>"; };
		E7633D031AE8F81800F2155C /* WatchKit_Tableview_DemoTests.xctest */ = {isa = PBXFileReference; explicitFileType = wrapper.cfbundle; includeInIndex = 0; path = WatchKit_Tableview_DemoTests.xctest; sourceTree = BUILT_PRODUCTS_DIR; };
		E7633D081AE8F81800F2155C /* Info.plist */ = {isa = PBXFileReference; lastKnownFileType = text.plist.xml; path = Info.plist; sourceTree = "<group>"; };
		E7633D091AE8F81800F2155C /* WatchKit_Tableview_DemoTests.m */ = {isa = PBXFileReference; lastKnownFileType = sourcecode.c.objc; path = WatchKit_Tableview_DemoTests.m; sourceTree = "<group>"; };
		E7633D171AE8F82A00F2155C /* WatchKit_Tableview_Demo WatchKit Extension.appex */ = {isa = PBXFileReference; explicitFileType = "wrapper.app-extension"; includeInIndex = 0; path = "WatchKit_Tableview_Demo WatchKit Extension.appex"; sourceTree = BUILT_PRODUCTS_DIR; };
		E7633D1A1AE8F82A00F2155C /* Info.plist */ = {isa = PBXFileReference; lastKnownFileType = text.plist.xml; path = Info.plist; sourceTree = "<group>"; };
		E7633D1B1AE8F82A00F2155C /* PushNotificationPayload.apns */ = {isa = PBXFileReference; lastKnownFileType = text; path = PushNotificationPayload.apns; sourceTree = "<group>"; };
		E7633D1C1AE8F82B00F2155C /* InterfaceController.h */ = {isa = PBXFileReference; lastKnownFileType = sourcecode.c.h; path = InterfaceController.h; sourceTree = "<group>"; };
		E7633D1D1AE8F82B00F2155C /* InterfaceController.m */ = {isa = PBXFileReference; lastKnownFileType = sourcecode.c.objc; path = InterfaceController.m; sourceTree = "<group>"; };
		E7633D1F1AE8F82B00F2155C /* NotificationController.h */ = {isa = PBXFileReference; lastKnownFileType = sourcecode.c.h; path = NotificationController.h; sourceTree = "<group>"; };
		E7633D201AE8F82B00F2155C /* NotificationController.m */ = {isa = PBXFileReference; lastKnownFileType = sourcecode.c.objc; path = NotificationController.m; sourceTree = "<group>"; };
		E7633D221AE8F82B00F2155C /* Images.xcassets */ = {isa = PBXFileReference; lastKnownFileType = folder.assetcatalog; path = Images.xcassets; sourceTree = "<group>"; };
		E7633D261AE8F82B00F2155C /* WatchKit_Tableview_Demo WatchKit App.app */ = {isa = PBXFileReference; explicitFileType = wrapper.application; includeInIndex = 0; path = "WatchKit_Tableview_Demo WatchKit App.app"; sourceTree = BUILT_PRODUCTS_DIR; };
		E7633D2C1AE8F82B00F2155C /* Info.plist */ = {isa = PBXFileReference; lastKnownFileType = text.plist.xml; path = Info.plist; sourceTree = "<group>"; };
		E7633D2E1AE8F82B00F2155C /* Base */ = {isa = PBXFileReference; lastKnownFileType = file.storyboard; name = Base; path = Base.lproj/Interface.storyboard; sourceTree = "<group>"; };
		E7633D301AE8F82B00F2155C /* Images.xcassets */ = {isa = PBXFileReference; lastKnownFileType = folder.assetcatalog; path = Images.xcassets; sourceTree = "<group>"; };
		E7633D3C1AE8F92500F2155C /* rowCell.h */ = {isa = PBXFileReference; fileEncoding = 4; lastKnownFileType = sourcecode.c.h; path = rowCell.h; sourceTree = "<group>"; };
		E7633D3D1AE8F92500F2155C /* rowCell.m */ = {isa = PBXFileReference; fileEncoding = 4; lastKnownFileType = sourcecode.c.objc; path = rowCell.m; sourceTree = "<group>"; };
		E7633D3F1AE9015500F2155C /* 02.jpg */ = {isa = PBXFileReference; lastKnownFileType = image.jpeg; path = 02.jpg; sourceTree = "<group>"; };
		E7633D411AE90A4F00F2155C /* InterfaceController2.h */ = {isa = PBXFileReference; fileEncoding = 4; lastKnownFileType = sourcecode.c.h; path = InterfaceController2.h; sourceTree = "<group>"; };
		E7633D421AE90A4F00F2155C /* InterfaceController2.m */ = {isa = PBXFileReference; fileEncoding = 4; lastKnownFileType = sourcecode.c.objc; path = InterfaceController2.m; sourceTree = "<group>"; };
		E7633D441AE910BA00F2155C /* InterfaceController3.h */ = {isa = PBXFileReference; fileEncoding = 4; lastKnownFileType = sourcecode.c.h; path = InterfaceController3.h; sourceTree = "<group>"; };
		E7633D451AE910BA00F2155C /* InterfaceController3.m */ = {isa = PBXFileReference; fileEncoding = 4; lastKnownFileType = sourcecode.c.objc; path = InterfaceController3.m; sourceTree = "<group>"; };
/* End PBXFileReference section */

/* Begin PBXFrameworksBuildPhase section */
		E7633CE71AE8F81800F2155C /* Frameworks */ = {
			isa = PBXFrameworksBuildPhase;
			buildActionMask = 2147483647;
			files = (
			);
			runOnlyForDeploymentPostprocessing = 0;
		};
		E7633D001AE8F81800F2155C /* Frameworks */ = {
			isa = PBXFrameworksBuildPhase;
			buildActionMask = 2147483647;
			files = (
			);
			runOnlyForDeploymentPostprocessing = 0;
		};
		E7633D141AE8F82A00F2155C /* Frameworks */ = {
			isa = PBXFrameworksBuildPhase;
			buildActionMask = 2147483647;
			files = (
			);
			runOnlyForDeploymentPostprocessing = 0;
		};
/* End PBXFrameworksBuildPhase section */

/* Begin PBXGroup section */
		E7633CE11AE8F81800F2155C = {
			isa = PBXGroup;
			children = (
				E7633CEC1AE8F81800F2155C /* WatchKit_Tableview_Demo */,
				E7633D061AE8F81800F2155C /* WatchKit_Tableview_DemoTests */,
				E7633D181AE8F82A00F2155C /* WatchKit_Tableview_Demo WatchKit Extension */,
				E7633D2A1AE8F82B00F2155C /* WatchKit_Tableview_Demo WatchKit App */,
				E7633CEB1AE8F81800F2155C /* Products */,
			);
			sourceTree = "<group>";
		};
		E7633CEB1AE8F81800F2155C /* Products */ = {
			isa = PBXGroup;
			children = (
				E7633CEA1AE8F81800F2155C /* WatchKit_Tableview_Demo.app */,
				E7633D031AE8F81800F2155C /* WatchKit_Tableview_DemoTests.xctest */,
				E7633D171AE8F82A00F2155C /* WatchKit_Tableview_Demo WatchKit Extension.appex */,
				E7633D261AE8F82B00F2155C /* WatchKit_Tableview_Demo WatchKit App.app */,
			);
			name = Products;
			sourceTree = "<group>";
		};
		E7633CEC1AE8F81800F2155C /* WatchKit_Tableview_Demo */ = {
			isa = PBXGroup;
			children = (
				E7633CF11AE8F81800F2155C /* AppDelegate.h */,
				E7633CF21AE8F81800F2155C /* AppDelegate.m */,
				E7633CF41AE8F81800F2155C /* ViewController.h */,
				E7633CF51AE8F81800F2155C /* ViewController.m */,
				E7633CF71AE8F81800F2155C /* Main.storyboard */,
				E7633CFA1AE8F81800F2155C /* Images.xcassets */,
				E7633CFC1AE8F81800F2155C /* LaunchScreen.xib */,
				E7633CED1AE8F81800F2155C /* Supporting Files */,
			);
			path = WatchKit_Tableview_Demo;
			sourceTree = "<group>";
		};
		E7633CED1AE8F81800F2155C /* Supporting Files */ = {
			isa = PBXGroup;
			children = (
				E7633CEE1AE8F81800F2155C /* Info.plist */,
				E7633CEF1AE8F81800F2155C /* main.m */,
			);
			name = "Supporting Files";
			sourceTree = "<group>";
		};
		E7633D061AE8F81800F2155C /* WatchKit_Tableview_DemoTests */ = {
			isa = PBXGroup;
			children = (
				E7633D091AE8F81800F2155C /* WatchKit_Tableview_DemoTests.m */,
				E7633D071AE8F81800F2155C /* Supporting Files */,
			);
			path = WatchKit_Tableview_DemoTests;
			sourceTree = "<group>";
		};
		E7633D071AE8F81800F2155C /* Supporting Files */ = {
			isa = PBXGroup;
			children = (
				E7633D081AE8F81800F2155C /* Info.plist */,
			);
			name = "Supporting Files";
			sourceTree = "<group>";
		};
		E7633D181AE8F82A00F2155C /* WatchKit_Tableview_Demo WatchKit Extension */ = {
			isa = PBXGroup;
			children = (
				E7633D3C1AE8F92500F2155C /* rowCell.h */,
				E7633D3D1AE8F92500F2155C /* rowCell.m */,
				E7633D441AE910BA00F2155C /* InterfaceController3.h */,
				E7633D451AE910BA00F2155C /* InterfaceController3.m */,
				E7633D411AE90A4F00F2155C /* InterfaceController2.h */,
				E7633D421AE90A4F00F2155C /* InterfaceController2.m */,
				E7633D1C1AE8F82B00F2155C /* InterfaceController.h */,
				E7633D1D1AE8F82B00F2155C /* InterfaceController.m */,
				E7633D1F1AE8F82B00F2155C /* NotificationController.h */,
				E7633D201AE8F82B00F2155C /* NotificationController.m */,
				E7633D221AE8F82B00F2155C /* Images.xcassets */,
				E7633D191AE8F82A00F2155C /* Supporting Files */,
			);
			path = "WatchKit_Tableview_Demo WatchKit Extension";
			sourceTree = "<group>";
		};
		E7633D191AE8F82A00F2155C /* Supporting Files */ = {
			isa = PBXGroup;
			children = (
				E7633D1A1AE8F82A00F2155C /* Info.plist */,
				E7633D1B1AE8F82A00F2155C /* PushNotificationPayload.apns */,
			);
			name = "Supporting Files";
			sourceTree = "<group>";
		};
		E7633D2A1AE8F82B00F2155C /* WatchKit_Tableview_Demo WatchKit App */ = {
			isa = PBXGroup;
			children = (
				E7633D2D1AE8F82B00F2155C /* Interface.storyboard */,
				E7633D301AE8F82B00F2155C /* Images.xcassets */,
				E7633D2B1AE8F82B00F2155C /* Supporting Files */,
			);
			path = "WatchKit_Tableview_Demo WatchKit App";
			sourceTree = "<group>";
		};
		E7633D2B1AE8F82B00F2155C /* Supporting Files */ = {
			isa = PBXGroup;
			children = (
				E7633D3F1AE9015500F2155C /* 02.jpg */,
				E7633D2C1AE8F82B00F2155C /* Info.plist */,
			);
			name = "Supporting Files";
			sourceTree = "<group>";
		};
/* End PBXGroup section */

/* Begin PBXNativeTarget section */
		E7633CE91AE8F81800F2155C /* WatchKit_Tableview_Demo */ = {
			isa = PBXNativeTarget;
			buildConfigurationList = E7633D0D1AE8F81800F2155C /* Build configuration list for PBXNativeTarget "WatchKit_Tableview_Demo" */;
			buildPhases = (
				E7633CE61AE8F81800F2155C /* Sources */,
				E7633CE71AE8F81800F2155C /* Frameworks */,
				E7633CE81AE8F81800F2155C /* Resources */,
				E7633D3B1AE8F82B00F2155C /* Embed App Extensions */,
			);
			buildRules = (
			);
			dependencies = (
				E7633D331AE8F82B00F2155C /* PBXTargetDependency */,
			);
			name = WatchKit_Tableview_Demo;
			productName = WatchKit_Tableview_Demo;
			productReference = E7633CEA1AE8F81800F2155C /* WatchKit_Tableview_Demo.app */;
			productType = "com.apple.product-type.application";
		};
		E7633D021AE8F81800F2155C /* WatchKit_Tableview_DemoTests */ = {
			isa = PBXNativeTarget;
			buildConfigurationList = E7633D101AE8F81800F2155C /* Build configuration list for PBXNativeTarget "WatchKit_Tableview_DemoTests" */;
			buildPhases = (
				E7633CFF1AE8F81800F2155C /* Sources */,
				E7633D001AE8F81800F2155C /* Frameworks */,
				E7633D011AE8F81800F2155C /* Resources */,
			);
			buildRules = (
			);
			dependencies = (
				E7633D051AE8F81800F2155C /* PBXTargetDependency */,
			);
			name = WatchKit_Tableview_DemoTests;
			productName = WatchKit_Tableview_DemoTests;
			productReference = E7633D031AE8F81800F2155C /* WatchKit_Tableview_DemoTests.xctest */;
			productType = "com.apple.product-type.bundle.unit-test";
		};
		E7633D161AE8F82A00F2155C /* WatchKit_Tableview_Demo WatchKit Extension */ = {
			isa = PBXNativeTarget;
			buildConfigurationList = E7633D381AE8F82B00F2155C /* Build configuration list for PBXNativeTarget "WatchKit_Tableview_Demo WatchKit Extension" */;
			buildPhases = (
				E7633D131AE8F82A00F2155C /* Sources */,
				E7633D141AE8F82A00F2155C /* Frameworks */,
				E7633D151AE8F82A00F2155C /* Resources */,
			);
			buildRules = (
			);
			dependencies = (
				E7633D291AE8F82B00F2155C /* PBXTargetDependency */,
			);
			name = "WatchKit_Tableview_Demo WatchKit Extension";
			productName = "WatchKit_Tableview_Demo WatchKit Extension";
			productReference = E7633D171AE8F82A00F2155C /* WatchKit_Tableview_Demo WatchKit Extension.appex */;
			productType = "com.apple.product-type.watchkit-extension";
		};
		E7633D251AE8F82B00F2155C /* WatchKit_Tableview_Demo WatchKit App */ = {
			isa = PBXNativeTarget;
			buildConfigurationList = E7633D351AE8F82B00F2155C /* Build configuration list for PBXNativeTarget "WatchKit_Tableview_Demo WatchKit App" */;
			buildPhases = (
				E7633D241AE8F82B00F2155C /* Resources */,
			);
			buildRules = (
			);
			dependencies = (
			);
			name = "WatchKit_Tableview_Demo WatchKit App";
			productName = "WatchKit_Tableview_Demo WatchKit App";
			productReference = E7633D261AE8F82B00F2155C /* WatchKit_Tableview_Demo WatchKit App.app */;
			productType = "com.apple.product-type.application.watchapp";
		};
/* End PBXNativeTarget section */

/* Begin PBXProject section */
		E7633CE21AE8F81800F2155C /* Project object */ = {
			isa = PBXProject;
			attributes = {
				LastUpgradeCheck = 0620;
				ORGANIZATIONNAME = Tops;
				TargetAttributes = {
					E7633CE91AE8F81800F2155C = {
						CreatedOnToolsVersion = 6.2;
					};
					E7633D021AE8F81800F2155C = {
						CreatedOnToolsVersion = 6.2;
						TestTargetID = E7633CE91AE8F81800F2155C;
					};
					E7633D161AE8F82A00F2155C = {
						CreatedOnToolsVersion = 6.2;
					};
					E7633D251AE8F82B00F2155C = {
						CreatedOnToolsVersion = 6.2;
					};
				};
			};
			buildConfigurationList = E7633CE51AE8F81800F2155C /* Build configuration list for PBXProject "WatchKit_Tableview_Demo" */;
			compatibilityVersion = "Xcode 3.2";
			developmentRegion = English;
			hasScannedForEncodings = 0;
			knownRegions = (
				en,
				Base,
			);
			mainGroup = E7633CE11AE8F81800F2155C;
			productRefGroup = E7633CEB1AE8F81800F2155C /* Products */;
			projectDirPath = "";
			projectRoot = "";
			targets = (
				E7633CE91AE8F81800F2155C /* WatchKit_Tableview_Demo */,
				E7633D021AE8F81800F2155C /* WatchKit_Tableview_DemoTests */,
				E7633D161AE8F82A00F2155C /* WatchKit_Tableview_Demo WatchKit Extension */,
				E7633D251AE8F82B00F2155C /* WatchKit_Tableview_Demo WatchKit App */,
			);
		};
/* End PBXProject section */

/* Begin PBXResourcesBuildPhase section */
		E7633CE81AE8F81800F2155C /* Resources */ = {
			isa = PBXResourcesBuildPhase;
			buildActionMask = 2147483647;
			files = (
				E7633CF91AE8F81800F2155C /* Main.storyboard in Resources */,
				E7633CFE1AE8F81800F2155C /* LaunchScreen.xib in Resources */,
				E7633CFB1AE8F81800F2155C /* Images.xcassets in Resources */,
			);
			runOnlyForDeploymentPostprocessing = 0;
		};
		E7633D011AE8F81800F2155C /* Resources */ = {
			isa = PBXResourcesBuildPhase;
			buildActionMask = 2147483647;
			files = (
			);
			runOnlyForDeploymentPostprocessing = 0;
		};
		E7633D151AE8F82A00F2155C /* Resources */ = {
			isa = PBXResourcesBuildPhase;
			buildActionMask = 2147483647;
			files = (
				E7633D271AE8F82B00F2155C /* WatchKit_Tableview_Demo WatchKit App.app in Resources */,
				E7633D231AE8F82B00F2155C /* Images.xcassets in Resources */,
			);
			runOnlyForDeploymentPostprocessing = 0;
		};
		E7633D241AE8F82B00F2155C /* Resources */ = {
			isa = PBXResourcesBuildPhase;
			buildActionMask = 2147483647;
			files = (
				E7633D2F1AE8F82B00F2155C /* Interface.storyboard in Resources */,
				E7633D311AE8F82B00F2155C /* Images.xcassets in Resources */,
				E7633D401AE9015500F2155C /* 02.jpg in Resources */,
			);
			runOnlyForDeploymentPostprocessing = 0;
		};
/* End PBXResourcesBuildPhase section */

/* Begin PBXSourcesBuildPhase section */
		E7633CE61AE8F81800F2155C /* Sources */ = {
			isa = PBXSourcesBuildPhase;
			buildActionMask = 2147483647;
			files = (
				E7633CF61AE8F81800F2155C /* ViewController.m in Sources */,
				E7633CF31AE8F81800F2155C /* AppDelegate.m in Sources */,
				E7633CF01AE8F81800F2155C /* main.m in Sources */,
			);
			runOnlyForDeploymentPostprocessing = 0;
		};
		E7633CFF1AE8F81800F2155C /* Sources */ = {
			isa = PBXSourcesBuildPhase;
			buildActionMask = 2147483647;
			files = (
				E7633D0A1AE8F81800F2155C /* WatchKit_Tableview_DemoTests.m in Sources */,
			);
			runOnlyForDeploymentPostprocessing = 0;
		};
		E7633D131AE8F82A00F2155C /* Sources */ = {
			isa = PBXSourcesBuildPhase;
			buildActionMask = 2147483647;
			files = (
				E7633D431AE90A4F00F2155C /* InterfaceController2.m in Sources */,
				E7633D3E1AE8F92500F2155C /* rowCell.m in Sources */,
				E7633D461AE910BA00F2155C /* InterfaceController3.m in Sources */,
				E7633D211AE8F82B00F2155C /* NotificationController.m in Sources */,
				E7633D1E1AE8F82B00F2155C /* InterfaceController.m in Sources */,
			);
			runOnlyForDeploymentPostprocessing = 0;
		};
/* End PBXSourcesBuildPhase section */

/* Begin PBXTargetDependency section */
		E7633D051AE8F81800F2155C /* PBXTargetDependency */ = {
			isa = PBXTargetDependency;
			target = E7633CE91AE8F81800F2155C /* WatchKit_Tableview_Demo */;
			targetProxy = E7633D041AE8F81800F2155C /* PBXContainerItemProxy */;
		};
		E7633D291AE8F82B00F2155C /* PBXTargetDependency */ = {
			isa = PBXTargetDependency;
			target = E7633D251AE8F82B00F2155C /* WatchKit_Tableview_Demo WatchKit App */;
			targetProxy = E7633D281AE8F82B00F2155C /* PBXContainerItemProxy */;
		};
		E7633D331AE8F82B00F2155C /* PBXTargetDependency */ = {
			isa = PBXTargetDependency;
			target = E7633D161AE8F82A00F2155C /* WatchKit_Tableview_Demo WatchKit Extension */;
			targetProxy = E7633D321AE8F82B00F2155C /* PBXContainerItemProxy */;
		};
/* End PBXTargetDependency section */

/* Begin PBXVariantGroup section */
		E7633CF71AE8F81800F2155C /* Main.storyboard */ = {
			isa = PBXVariantGroup;
			children = (
				E7633CF81AE8F81800F2155C /* Base */,
			);
			name = Main.storyboard;
			sourceTree = "<group>";
		};
		E7633CFC1AE8F81800F2155C /* LaunchScreen.xib */ = {
			isa = PBXVariantGroup;
			children = (
				E7633CFD1AE8F81800F2155C /* Base */,
			);
			name = LaunchScreen.xib;
			sourceTree = "<group>";
		};
		E7633D2D1AE8F82B00F2155C /* Interface.storyboard */ = {
			isa = PBXVariantGroup;
			children = (
				E7633D2E1AE8F82B00F2155C /* Base */,
			);
			name = Interface.storyboard;
			sourceTree = "<group>";
		};
/* End PBXVariantGroup section */

/* Begin XCBuildConfiguration section */
		E7633D0B1AE8F81800F2155C /* Debug */ = {
			isa = XCBuildConfiguration;
			buildSettings = {
				ALWAYS_SEARCH_USER_PATHS = NO;
				CLANG_CXX_LANGUAGE_STANDARD = "gnu++0x";
				CLANG_CXX_LIBRARY = "libc++";
				CLANG_ENABLE_MODULES = YES;
				CLANG_ENABLE_OBJC_ARC = YES;
				CLANG_WARN_BOOL_CONVERSION = YES;
				CLANG_WARN_CONSTANT_CONVERSION = YES;
				CLANG_WARN_DIRECT_OBJC_ISA_USAGE = YES_ERROR;
				CLANG_WARN_EMPTY_BODY = YES;
				CLANG_WARN_ENUM_CONVERSION = YES;
				CLANG_WARN_INT_CONVERSION = YES;
				CLANG_WARN_OBJC_ROOT_CLASS = YES_ERROR;
				CLANG_WARN_UNREACHABLE_CODE = YES;
				CLANG_WARN__DUPLICATE_METHOD_MATCH = YES;
				"CODE_SIGN_IDENTITY[sdk=iphoneos*]" = "iPhone Developer";
				COPY_PHASE_STRIP = NO;
				ENABLE_STRICT_OBJC_MSGSEND = YES;
				GCC_C_LANGUAGE_STANDARD = gnu99;
				GCC_DYNAMIC_NO_PIC = NO;
				GCC_OPTIMIZATION_LEVEL = 0;
				GCC_PREPROCESSOR_DEFINITIONS = (
					"DEBUG=1",
					"$(inherited)",
				);
				GCC_SYMBOLS_PRIVATE_EXTERN = NO;
				GCC_WARN_64_TO_32_BIT_CONVERSION = YES;
				GCC_WARN_ABOUT_RETURN_TYPE = YES_ERROR;
				GCC_WARN_UNDECLARED_SELECTOR = YES;
				GCC_WARN_UNINITIALIZED_AUTOS = YES_AGGRESSIVE;
				GCC_WARN_UNUSED_FUNCTION = YES;
				GCC_WARN_UNUSED_VARIABLE = YES;
				IPHONEOS_DEPLOYMENT_TARGET = 8.2;
				MTL_ENABLE_DEBUG_INFO = YES;
				ONLY_ACTIVE_ARCH = YES;
				SDKROOT = iphoneos;
			};
			name = Debug;
		};
		E7633D0C1AE8F81800F2155C /* Release */ = {
			isa = XCBuildConfiguration;
			buildSettings = {
				ALWAYS_SEARCH_USER_PATHS = NO;
				CLANG_CXX_LANGUAGE_STANDARD = "gnu++0x";
				CLANG_CXX_LIBRARY = "libc++";
				CLANG_ENABLE_MODULES = YES;
				CLANG_ENABLE_OBJC_ARC = YES;
				CLANG_WARN_BOOL_CONVERSION = YES;
				CLANG_WARN_CONSTANT_CONVERSION = YES;
				CLANG_WARN_DIRECT_OBJC_ISA_USAGE = YES_ERROR;
				CLANG_WARN_EMPTY_BODY = YES;
				CLANG_WARN_ENUM_CONVERSION = YES;
				CLANG_WARN_INT_CONVERSION = YES;
				CLANG_WARN_OBJC_ROOT_CLASS = YES_ERROR;
				CLANG_WARN_UNREACHABLE_CODE = YES;
				CLANG_WARN__DUPLICATE_METHOD_MATCH = YES;
				"CODE_SIGN_IDENTITY[sdk=iphoneos*]" = "iPhone Developer";
				COPY_PHASE_STRIP = NO;
				ENABLE_NS_ASSERTIONS = NO;
				ENABLE_STRICT_OBJC_MSGSEND = YES;
				GCC_C_LANGUAGE_STANDARD = gnu99;
				GCC_WARN_64_TO_32_BIT_CONVERSION = YES;
				GCC_WARN_ABOUT_RETURN_TYPE = YES_ERROR;
				GCC_WARN_UNDECLARED_SELECTOR = YES;
				GCC_WARN_UNINITIALIZED_AUTOS = YES_AGGRESSIVE;
				GCC_WARN_UNUSED_FUNCTION = YES;
				GCC_WARN_UNUSED_VARIABLE = YES;
				IPHONEOS_DEPLOYMENT_TARGET = 8.2;
				MTL_ENABLE_DEBUG_INFO = NO;
				SDKROOT = iphoneos;
				VALIDATE_PRODUCT = YES;
			};
			name = Release;
		};
		E7633D0E1AE8F81800F2155C /* Debug */ = {
			isa = XCBuildConfiguration;
			buildSettings = {
				ASSETCATALOG_COMPILER_APPICON_NAME = AppIcon;
				INFOPLIST_FILE = WatchKit_Tableview_Demo/Info.plist;
				LD_RUNPATH_SEARCH_PATHS = "$(inherited) @executable_path/Frameworks";
				PRODUCT_NAME = "$(TARGET_NAME)";
			};
			name = Debug;
		};
		E7633D0F1AE8F81800F2155C /* Release */ = {
			isa = XCBuildConfiguration;
			buildSettings = {
				ASSETCATALOG_COMPILER_APPICON_NAME = AppIcon;
				INFOPLIST_FILE = WatchKit_Tableview_Demo/Info.plist;
				LD_RUNPATH_SEARCH_PATHS = "$(inherited) @executable_path/Frameworks";
				PRODUCT_NAME = "$(TARGET_NAME)";
			};
			name = Release;
		};
		E7633D111AE8F81800F2155C /* Debug */ = {
			isa = XCBuildConfiguration;
			buildSettings = {
				BUNDLE_LOADER = "$(TEST_HOST)";
				FRAMEWORK_SEARCH_PATHS = (
					"$(SDKROOT)/Developer/Library/Frameworks",
					"$(inherited)",
				);
				GCC_PREPROCESSOR_DEFINITIONS = (
					"DEBUG=1",
					"$(inherited)",
				);
				INFOPLIST_FILE = WatchKit_Tableview_DemoTests/Info.plist;
				LD_RUNPATH_SEARCH_PATHS = "$(inherited) @executable_path/Frameworks @loader_path/Frameworks";
				PRODUCT_NAME = "$(TARGET_NAME)";
				TEST_HOST = "$(BUILT_PRODUCTS_DIR)/WatchKit_Tableview_Demo.app/WatchKit_Tableview_Demo";
			};
			name = Debug;
		};
		E7633D121AE8F81800F2155C /* Release */ = {
			isa = XCBuildConfiguration;
			buildSettings = {
				BUNDLE_LOADER = "$(TEST_HOST)";
				FRAMEWORK_SEARCH_PATHS = (
					"$(SDKROOT)/Developer/Library/Frameworks",
					"$(inherited)",
				);
				INFOPLIST_FILE = WatchKit_Tableview_DemoTests/Info.plist;
				LD_RUNPATH_SEARCH_PATHS = "$(inherited) @executable_path/Frameworks @loader_path/Frameworks";
				PRODUCT_NAME = "$(TARGET_NAME)";
				TEST_HOST = "$(BUILT_PRODUCTS_DIR)/WatchKit_Tableview_Demo.app/WatchKit_Tableview_Demo";
			};
			name = Release;
		};
		E7633D361AE8F82B00F2155C /* Debug */ = {
			isa = XCBuildConfiguration;
			buildSettings = {
				ASSETCATALOG_COMPILER_APPICON_NAME = AppIcon;
				ASSETCATALOG_COMPILER_LAUNCHIMAGE_NAME = LaunchImage;
				GCC_PREPROCESSOR_DEFINITIONS = (
					"DEBUG=1",
					"$(inherited)",
				);
				IBSC_MODULE = WatchKit_Tableview_Demo_WatchKit_Extension;
				INFOPLIST_FILE = "WatchKit_Tableview_Demo WatchKit App/Info.plist";
				PRODUCT_NAME = "$(TARGET_NAME)";
				SKIP_INSTALL = YES;
				TARGETED_DEVICE_FAMILY = 4;
				"TARGETED_DEVICE_FAMILY[sdk=iphonesimulator*]" = "1,4";
			};
			name = Debug;
		};
		E7633D371AE8F82B00F2155C /* Release */ = {
			isa = XCBuildConfiguration;
			buildSettings = {
				ASSETCATALOG_COMPILER_APPICON_NAME = AppIcon;
				ASSETCATALOG_COMPILER_LAUNCHIMAGE_NAME = LaunchImage;
				IBSC_MODULE = WatchKit_Tableview_Demo_WatchKit_Extension;
				INFOPLIST_FILE = "WatchKit_Tableview_Demo WatchKit App/Info.plist";
				PRODUCT_NAME = "$(TARGET_NAME)";
				SKIP_INSTALL = YES;
				TARGETED_DEVICE_FAMILY = 4;
				"TARGETED_DEVICE_FAMILY[sdk=iphonesimulator*]" = "1,4";
			};
			name = Release;
		};
		E7633D391AE8F82B00F2155C /* Debug */ = {
			isa = XCBuildConfiguration;
			buildSettings = {
				CODE_SIGN_IDENTITY = "iPhone Developer: Aditya Modi (78774E6S4Z)";
				"CODE_SIGN_IDENTITY[sdk=iphoneos*]" = "iPhone Developer: Aditya Modi (78774E6S4Z)";
				GCC_PREPROCESSOR_DEFINITIONS = (
					"DEBUG=1",
					"$(inherited)",
				);
				INFOPLIST_FILE = "WatchKit_Tableview_Demo WatchKit Extension/Info.plist";
				LD_RUNPATH_SEARCH_PATHS = "$(inherited) @executable_path/Frameworks @executable_path/../../Frameworks";
				PRODUCT_NAME = "${TARGET_NAME}";
				PROVISIONING_PROFILE = "1d401313-4c52-42bf-a646-5aa139d19b86";
				SKIP_INSTALL = YES;
			};
			name = Debug;
		};
		E7633D3A1AE8F82B00F2155C /* Release */ = {
			isa = XCBuildConfiguration;
			buildSettings = {
				CODE_SIGN_IDENTITY = "iPhone Developer: Aditya Modi (78774E6S4Z)";
				"CODE_SIGN_IDENTITY[sdk=iphoneos*]" = "iPhone Developer: Aditya Modi (78774E6S4Z)";
				INFOPLIST_FILE = "WatchKit_Tableview_Demo WatchKit Extension/Info.plist";
				LD_RUNPATH_SEARCH_PATHS = "$(inherited) @executable_path/Frameworks @executable_path/../../Frameworks";
				PRODUCT_NAME = "${TARGET_NAME}";
				PROVISIONING_PROFILE = "1d401313-4c52-42bf-a646-5aa139d19b86";
				SKIP_INSTALL = YES;
			};
			name = Release;
		};
/* End XCBuildConfiguration section */

/* Begin XCConfigurationList section */
		E7633CE51AE8F81800F2155C /* Build configuration list for PBXProject "WatchKit_Tableview_Demo" */ = {
			isa = XCConfigurationList;
			buildConfigurations = (
				E7633D0B1AE8F81800F2155C /* Debug */,
				E7633D0C1AE8F81800F2155C /* Release */,
			);
			defaultConfigurationIsVisible = 0;
			defaultConfigurationName = Release;
		};
		E7633D0D1AE8F81800F2155C /* Build configuration list for PBXNativeTarget "WatchKit_Tableview_Demo" */ = {
			isa = XCConfigurationList;
			buildConfigurations = (
				E7633D0E1AE8F81800F2155C /* Debug */,
				E7633D0F1AE8F81800F2155C /* Release */,
			);
			defaultConfigurationIsVisible = 0;
			defaultConfigurationName = Release;
		};
		E7633D101AE8F81800F2155C /* Build configuration list for PBXNativeTarget "WatchKit_Tableview_DemoTests" */ = {
			isa = XCConfigurationList;
			buildConfigurations = (
				E7633D111AE8F81800F2155C /* Debug */,
				E7633D121AE8F81800F2155C /* Release */,
			);
			defaultConfigurationIsVisible = 0;
			defaultConfigurationName = Release;
		};
		E7633D351AE8F82B00F2155C /* Build configuration list for PBXNativeTarget "WatchKit_Tableview_Demo WatchKit App" */ = {
			isa = XCConfigurationList;
			buildConfigurations = (
				E7633D361AE8F82B00F2155C /* Debug */,
				E7633D371AE8F82B00F2155C /* Release */,
			);
			defaultConfigurationIsVisible = 0;
			defaultConfigurationName = Release;
		};
		E7633D381AE8F82B00F2155C /* Build configuration list for PBXNativeTarget "WatchKit_Tableview_Demo WatchKit Extension" */ = {
			isa = XCConfigurationList;
			buildConfigurations = (
				E7633D391AE8F82B00F2155C /* Debug */,
				E7633D3A1AE8F82B00F2155C /* Release */,
			);
			defaultConfigurationIsVisible = 0;
			defaultConfigurationName = Release;
		};
/* End XCConfigurationList section */
	};
	rootObject = E7633CE21AE8F81800F2155C /* Project object */;
}
